// !$*UTF8*$!
{
	archiveVersion = 1;
	classes = {
	};
	objectVersion = 46;
	objects = {

/* Begin PBXBuildFile section */
		04838B941C94B7CF00122AD8 /* AppDelegate.swift in Sources */ = {isa = PBXBuildFile; fileRef = 04838B931C94B7CF00122AD8 /* AppDelegate.swift */; };
		04838B961C94B7CF00122AD8 /* ViewController.swift in Sources */ = {isa = PBXBuildFile; fileRef = 04838B951C94B7CF00122AD8 /* ViewController.swift */; };
		04838B991C94B7CF00122AD8 /* Main.storyboard in Resources */ = {isa = PBXBuildFile; fileRef = 04838B971C94B7CF00122AD8 /* Main.storyboard */; };
		04838B9B1C94B7CF00122AD8 /* Assets.xcassets in Resources */ = {isa = PBXBuildFile; fileRef = 04838B9A1C94B7CF00122AD8 /* Assets.xcassets */; };
		04838B9E1C94B7CF00122AD8 /* LaunchScreen.storyboard in Resources */ = {isa = PBXBuildFile; fileRef = 04838B9C1C94B7CF00122AD8 /* LaunchScreen.storyboard */; };
/* End PBXBuildFile section */

/* Begin PBXFileReference section */
		04838B901C94B7CF00122AD8 /* PeticionAServidorOpenlibrary.app */ = {isa = PBXFileReference; explicitFileType = wrapper.application; includeInIndex = 0; path = PeticionAServidorOpenlibrary.app; sourceTree = BUILT_PRODUCTS_DIR; };
		04838B931C94B7CF00122AD8 /* AppDelegate.swift */ = {isa = PBXFileReference; lastKnownFileType = sourcecode.swift; path = AppDelegate.swift; sourceTree = "<group>"; };
		04838B951C94B7CF00122AD8 /* ViewController.swift */ = {isa = PBXFileReference; lastKnownFileType = sourcecode.swift; path = ViewController.swift; sourceTree = "<group>"; };
		04838B981C94B7CF00122AD8 /* Base */ = {isa = PBXFileReference; lastKnownFileType = file.storyboard; name = Base; path = Base.lproj/Main.storyboard; sourceTree = "<group>"; };
		04838B9A1C94B7CF00122AD8 /* Assets.xcassets */ = {isa = PBXFileReference; lastKnownFileType = folder.assetcatalog; path = Assets.xcassets; sourceTree = "<group>"; };
		04838B9D1C94B7CF00122AD8 /* Base */ = {isa = PBXFileReference; lastKnownFileType = file.storyboard; name = Base; path = Base.lproj/LaunchScreen.storyboard; sourceTree = "<group>"; };
		04838B9F1C94B7CF00122AD8 /* Info.plist */ = {isa = PBXFileReference; lastKnownFileType = text.plist.xml; path = Info.plist; sourceTree = "<group>"; };
/* End PBXFileReference section */

/* Begin PBXFrameworksBuildPhase section */
		04838B8D1C94B7CF00122AD8 /* Frameworks */ = {
			isa = PBXFrameworksBuildPhase;
			buildActionMask = 2147483647;
			files = (
			);
			runOnlyForDeploymentPostprocessing = 0;
		};
/* End PBXFrameworksBuildPhase section */

/* Begin PBXGroup section */
		04838B871C94B7CF00122AD8 = {
			isa = PBXGroup;
			children = (
				04838B921C94B7CF00122AD8 /* PeticionAServidorOpenlibrary */,
				04838B911C94B7CF00122AD8 /* Products */,
			);
			sourceTree = "<group>";
		};
		04838B911C94B7CF00122AD8 /* Products */ = {
			isa = PBXGroup;
			children = (
				04838B901C94B7CF00122AD8 /* PeticionAServidorOpenlibrary.app */,
			);
			name = Products;
			sourceTree = "<group>";
		};
		04838B921C94B7CF00122AD8 /* PeticionAServidorOpenlibrary */ = {
			isa = PBXGroup;
			children = (
				04838B931C94B7CF00122AD8 /* AppDelegate.swift */,
				04838B951C94B7CF00122AD8 /* ViewController.swift */,
				04838B971C94B7CF00122AD8 /* Main.storyboard */,
				04838B9A1C94B7CF00122AD8 /* Assets.xcassets */,
				04838B9C1C94B7CF00122AD8 /* LaunchScreen.storyboard */,
				04838B9F1C94B7CF00122AD8 /* Info.plist */,
			);
			path = PeticionAServidorOpenlibrary;
			sourceTree = "<group>";
		};
/* End PBXGroup section */

/* Begin PBXNativeTarget section */
		04838B8F1C94B7CF00122AD8 /* PeticionAServidorOpenlibrary */ = {
			isa = PBXNativeTarget;
			buildConfigurationList = 04838BA21C94B7CF00122AD8 /* Build configuration list for PBXNativeTarget "PeticionAServidorOpenlibrary" */;
			buildPhases = (
				04838B8C1C94B7CF00122AD8 /* Sources */,
				04838B8D1C94B7CF00122AD8 /* Frameworks */,
				04838B8E1C94B7CF00122AD8 /* Resources */,
			);
			buildRules = (
			);
			dependencies = (
			);
			name = PeticionAServidorOpenlibrary;
			productName = PeticionAServidorOpenlibrary;
			productReference = 04838B901C94B7CF00122AD8 /* PeticionAServidorOpenlibrary.app */;
			productType = "com.apple.product-type.application";
		};
/* End PBXNativeTarget section */

/* Begin PBXProject section */
		04838B881C94B7CF00122AD8 /* Project object */ = {
			isa = PBXProject;
			attributes = {
				LastSwiftUpdateCheck = 0720;
				LastUpgradeCheck = 0720;
				ORGANIZATIONNAME = "Juan Sebastian Castro";
				TargetAttributes = {
					04838B8F1C94B7CF00122AD8 = {
						CreatedOnToolsVersion = 7.2.1;
					};
				};
			};
			buildConfigurationList = 04838B8B1C94B7CF00122AD8 /* Build configuration list for PBXProject "PeticionAServidorOpenlibrary" */;
			compatibilityVersion = "Xcode 3.2";
			developmentRegion = English;
			hasScannedForEncodings = 0;
			knownRegions = (
				en,
				Base,
			);
			mainGroup = 04838B871C94B7CF00122AD8;
			productRefGroup = 04838B911C94B7CF00122AD8 /* Products */;
			projectDirPath = "";
			projectRoot = "";
			targets = (
				04838B8F1C94B7CF00122AD8 /* PeticionAServidorOpenlibrary */,
			);
		};
/* End PBXProject section */

/* Begin PBXResourcesBuildPhase section */
		04838B8E1C94B7CF00122AD8 /* Resources */ = {
			isa = PBXResourcesBuildPhase;
			buildActionMask = 2147483647;
			files = (
				04838B9E1C94B7CF00122AD8 /* LaunchScreen.storyboard in Resources */,
				04838B9B1C94B7CF00122AD8 /* Assets.xcassets in Resources */,
				04838B991C94B7CF00122AD8 /* Main.storyboard in Resources */,
			);
			runOnlyForDeploymentPostprocessing = 0;
		};
/* End PBXResourcesBuildPhase section */

/* Begin PBXSourcesBuildPhase section */
		04838B8C1C94B7CF00122AD8 /* Sources */ = {
			isa = PBXSourcesBuildPhase;
			buildActionMask = 2147483647;
			files = (
				04838B961C94B7CF00122AD8 /* ViewController.swift in Sources */,
				04838B941C94B7CF00122AD8 /* AppDelegate.swift in Sources */,
			);
			runOnlyForDeploymentPostprocessing = 0;
		};
/* End PBXSourcesBuildPhase section */

/* Begin PBXVariantGroup section */
		04838B971C94B7CF00122AD8 /* Main.storyboard */ = {
			isa = PBXVariantGroup;
			children = (
				04838B981C94B7CF00122AD8 /* Base */,
			);
			name = Main.storyboard;
			sourceTree = "<group>";
		};
		04838B9C1C94B7CF00122AD8 /* LaunchScreen.storyboard */ = {
			isa = PBXVariantGroup;
			children = (
				04838B9D1C94B7CF00122AD8 /* Base */,
			);
			name = LaunchScreen.storyboard;
			sourceTree = "<group>";
		};
/* End PBXVariantGroup section */

/* Begin XCBuildConfiguration section */
		04838BA01C94B7CF00122AD8 /* Debug */ = {
			isa = XCBuildConfiguration;
			buildSettings = {
				ALWAYS_SEARCH_USER_PATHS = NO;
				CLANG_CXX_LANGUAGE_STANDARD = "gnu++0x";
				CLANG_CXX_LIBRARY = "libc++";
				CLANG_ENABLE_MODULES = YES;
				CLANG_ENABLE_OBJC_ARC = YES;
				CLANG_WARN_BOOL_CONVERSION = YES;
				CLANG_WARN_CONSTANT_CONVERSION = YES;
				CLANG_WARN_DIRECT_OBJC_ISA_USAGE = YES_ERROR;
				CLANG_WARN_EMPTY_BODY = YES;
				CLANG_WARN_ENUM_CONVERSION = YES;
				CLANG_WARN_INT_CONVERSION = YES;
				CLANG_WARN_OBJC_ROOT_CLASS = YES_ERROR;
				CLANG_WARN_UNREACHABLE_CODE = YES;
				CLANG_WARN__DUPLICATE_METHOD_MATCH = YES;
				"CODE_SIGN_IDENTITY[sdk=iphoneos*]" = "iPhone Developer";
				COPY_PHASE_STRIP = NO;
				DEBUG_INFORMATION_FORMAT = dwarf;
				ENABLE_STRICT_OBJC_MSGSEND = YES;
				ENABLE_TESTABILITY = YES;
				GCC_C_LANGUAGE_STANDARD = gnu99;
				GCC_DYNAMIC_NO_PIC = NO;
				GCC_NO_COMMON_BLOCKS = YES;
				GCC_OPTIMIZATION_LEVEL = 0;
				GCC_PREPROCESSOR_DEFINITIONS = (
					"DEBUG=1",
					"$(inherited)",
				);
				GCC_WARN_64_TO_32_BIT_CONVERSION = YES;
				GCC_WARN_ABOUT_RETURN_TYPE = YES_ERROR;
				GCC_WARN_UNDECLARED_SELECTOR = YES;
				GCC_WARN_UNINITIALIZED_AUTOS = YES_AGGRESSIVE;
				GCC_WARN_UNUSED_FUNCTION = YES;
				GCC_WARN_UNUSED_VARIABLE = YES;
				IPHONEOS_DEPLOYMENT_TARGET = 9.2;
				MTL_ENABLE_DEBUG_INFO = YES;
				ONLY_ACTIVE_ARCH = YES;
				SDKROOT = iphoneos;
				SWIFT_OPTIMIZATION_LEVEL = "-Onone";
			};
			name = Debug;
		};
		04838BA11C94B7CF00122AD8 /* Release */ = {
			isa = XCBuildConfiguration;
			buildSettings = {
				ALWAYS_SEARCH_USER_PATHS = NO;
				CLANG_CXX_LANGUAGE_STANDARD = "gnu++0x";
				CLANG_CXX_LIBRARY = "libc++";
				CLANG_ENABLE_MODULES = YES;
				CLANG_ENABLE_OBJC_ARC = YES;
				CLANG_WARN_BOOL_CONVERSION = YES;
				CLANG_WARN_CONSTANT_CONVERSION = YES;
				CLANG_WARN_DIRECT_OBJC_ISA_USAGE = YES_ERROR;
				CLANG_WARN_EMPTY_BODY = YES;
				CLANG_WARN_ENUM_CONVERSION = YES;
				CLANG_WARN_INT_CONVERSION = YES;
				CLANG_WARN_OBJC_ROOT_CLASS = YES_ERROR;
				CLANG_WARN_UNREACHABLE_CODE = YES;
				CLANG_WARN__DUPLICATE_METHOD_MATCH = YES;
				"CODE_SIGN_IDENTITY[sdk=iphoneos*]" = "iPhone Developer";
				COPY_PHASE_STRIP = NO;
				DEBUG_INFORMATION_FORMAT = "dwarf-with-dsym";
				ENABLE_NS_ASSERTIONS = NO;
				ENABLE_STRICT_OBJC_MSGSEND = YES;
				GCC_C_LANGUAGE_STANDARD = gnu99;
				GCC_NO_COMMON_BLOCKS = YES;
				GCC_WARN_64_TO_32_BIT_CONVERSION = YES;
				GCC_WARN_ABOUT_RETURN_TYPE = YES_ERROR;
				GCC_WARN_UNDECLARED_SELECTOR = YES;
				GCC_WARN_UNINITIALIZED_AUTOS = YES_AGGRESSIVE;
				GCC_WARN_UNUSED_FUNCTION = YES;
				GCC_WARN_UNUSED_VARIABLE = YES;
				IPHONEOS_DEPLOYMENT_TARGET = 9.2;
				MTL_ENABLE_DEBUG_INFO = NO;
				SDKROOT = iphoneos;
				VALIDATE_PRODUCT = YES;
			};
			name = Release;
		};
		04838BA31C94B7CF00122AD8 /* Debug */ = {
			isa = XCBuildConfiguration;
			buildSettings = {
				ASSETCATALOG_COMPILER_APPICON_NAME = AppIcon;
				INFOPLIST_FILE = PeticionAServidorOpenlibrary/Info.plist;
				LD_RUNPATH_SEARCH_PATHS = "$(inherited) @executable_path/Frameworks";
				PRODUCT_BUNDLE_IDENTIFIER = co.JuanSebastianCastro.PeticionAServidorOpenlibrary;
				PRODUCT_NAME = "$(TARGET_NAME)";
			};
			name = Debug;
		};
		04838BA41C94B7CF00122AD8 /* Release */ = {
			isa = XCBuildConfiguration;
			buildSettings = {
				ASSETCATALOG_COMPILER_APPICON_NAME = AppIcon;
				INFOPLIST_FILE = PeticionAServidorOpenlibrary/Info.plist;
				LD_RUNPATH_SEARCH_PATHS = "$(inherited) @executable_path/Frameworks";
				PRODUCT_BUNDLE_IDENTIFIER = co.JuanSebastianCastro.PeticionAServidorOpenlibrary;
				PRODUCT_NAME = "$(TARGET_NAME)";
			};
			name = Release;
		};
/* End XCBuildConfiguration section */

/* Begin XCConfigurationList section */
		04838B8B1C94B7CF00122AD8 /* Build configuration list for PBXProject "PeticionAServidorOpenlibrary" */ = {
			isa = XCConfigurationList;
			buildConfigurations = (
				04838BA01C94B7CF00122AD8 /* Debug */,
				04838BA11C94B7CF00122AD8 /* Release */,
			);
			defaultConfigurationIsVisible = 0;
			defaultConfigurationName = Release;
		};
		04838BA21C94B7CF00122AD8 /* Build configuration list for PBXNativeTarget "PeticionAServidorOpenlibrary" */ = {
			isa = XCConfigurationList;
			buildConfigurations = (
				04838BA31C94B7CF00122AD8 /* Debug */,
				04838BA41C94B7CF00122AD8 /* Release */,
			);
			defaultConfigurationIsVisible = 0;
		};
/* End XCConfigurationList section */
	};
	rootObject = 04838B881C94B7CF00122AD8 /* Project object */;
}
